// !$*UTF8*$!
{
	archiveVersion = 1;
	classes = {
	};
	objectVersion = 50;
	objects = {

/* Begin PBXBuildFile section */
		E8BD12EA2477BD29006D7F9B /* main.m in Sources */ = {isa = PBXBuildFile; fileRef = E8BD12E92477BD29006D7F9B /* main.m */; };
		E8BD12F22477BE3A006D7F9B /* MCPerson.m in Sources */ = {isa = PBXBuildFile; fileRef = E8BD12F12477BE3A006D7F9B /* MCPerson.m */; };
		E8BD12F52477CAFF006D7F9B /* MCPerson+Test1.m in Sources */ = {isa = PBXBuildFile; fileRef = E8BD12F42477CAFF006D7F9B /* MCPerson+Test1.m */; };
		E8BD12F82477CB31006D7F9B /* MCPerson+Test2.m in Sources */ = {isa = PBXBuildFile; fileRef = E8BD12F72477CB31006D7F9B /* MCPerson+Test2.m */; };
		E8BD12FB2477D5CD006D7F9B /* MCStudent.m in Sources */ = {isa = PBXBuildFile; fileRef = E8BD12FA2477D5CD006D7F9B /* MCStudent.m */; };
		E8BD12FE2477D5F3006D7F9B /* MCStudent+Test1.m in Sources */ = {isa = PBXBuildFile; fileRef = E8BD12FD2477D5F3006D7F9B /* MCStudent+Test1.m */; };
		E8BD13012477D604006D7F9B /* MCStudent+Test2.m in Sources */ = {isa = PBXBuildFile; fileRef = E8BD13002477D604006D7F9B /* MCStudent+Test2.m */; };
		E8BD13042477D640006D7F9B /* MCDog.m in Sources */ = {isa = PBXBuildFile; fileRef = E8BD13032477D640006D7F9B /* MCDog.m */; };
		E8BD13072477D654006D7F9B /* MCCat.m in Sources */ = {isa = PBXBuildFile; fileRef = E8BD13062477D654006D7F9B /* MCCat.m */; };
/* End PBXBuildFile section */

/* Begin PBXCopyFilesBuildPhase section */
		E8BD12E42477BD29006D7F9B /* CopyFiles */ = {
			isa = PBXCopyFilesBuildPhase;
			buildActionMask = 2147483647;
			dstPath = /usr/share/man/man1/;
			dstSubfolderSpec = 0;
			files = (
			);
			runOnlyForDeploymentPostprocessing = 1;
		};
/* End PBXCopyFilesBuildPhase section */

/* Begin PBXFileReference section */
		E8BD12E62477BD29006D7F9B /* Interview02-Category中+load底层实现 */ = {isa = PBXFileReference; explicitFileType = "compiled.mach-o.executable"; includeInIndex = 0; path = "Interview02-Category中+load底层实现"; sourceTree = BUILT_PRODUCTS_DIR; };
		E8BD12E92477BD29006D7F9B /* main.m */ = {isa = PBXFileReference; lastKnownFileType = sourcecode.c.objc; path = main.m; sourceTree = "<group>"; };
		E8BD12F02477BE3A006D7F9B /* MCPerson.h */ = {isa = PBXFileReference; lastKnownFileType = sourcecode.c.h; path = MCPerson.h; sourceTree = "<group>"; };
		E8BD12F12477BE3A006D7F9B /* MCPerson.m */ = {isa = PBXFileReference; lastKnownFileType = sourcecode.c.objc; path = MCPerson.m; sourceTree = "<group>"; };
		E8BD12F32477CAFF006D7F9B /* MCPerson+Test1.h */ = {isa = PBXFileReference; lastKnownFileType = sourcecode.c.h; path = "MCPerson+Test1.h"; sourceTree = "<group>"; };
		E8BD12F42477CAFF006D7F9B /* MCPerson+Test1.m */ = {isa = PBXFileReference; lastKnownFileType = sourcecode.c.objc; path = "MCPerson+Test1.m"; sourceTree = "<group>"; };
		E8BD12F62477CB31006D7F9B /* MCPerson+Test2.h */ = {isa = PBXFileReference; lastKnownFileType = sourcecode.c.h; path = "MCPerson+Test2.h"; sourceTree = "<group>"; };
		E8BD12F72477CB31006D7F9B /* MCPerson+Test2.m */ = {isa = PBXFileReference; lastKnownFileType = sourcecode.c.objc; path = "MCPerson+Test2.m"; sourceTree = "<group>"; };
		E8BD12F92477D5CD006D7F9B /* MCStudent.h */ = {isa = PBXFileReference; lastKnownFileType = sourcecode.c.h; path = MCStudent.h; sourceTree = "<group>"; };
		E8BD12FA2477D5CD006D7F9B /* MCStudent.m */ = {isa = PBXFileReference; lastKnownFileType = sourcecode.c.objc; path = MCStudent.m; sourceTree = "<group>"; };
		E8BD12FC2477D5F3006D7F9B /* MCStudent+Test1.h */ = {isa = PBXFileReference; lastKnownFileType = sourcecode.c.h; path = "MCStudent+Test1.h"; sourceTree = "<group>"; };
		E8BD12FD2477D5F3006D7F9B /* MCStudent+Test1.m */ = {isa = PBXFileReference; lastKnownFileType = sourcecode.c.objc; path = "MCStudent+Test1.m"; sourceTree = "<group>"; };
		E8BD12FF2477D604006D7F9B /* MCStudent+Test2.h */ = {isa = PBXFileReference; lastKnownFileType = sourcecode.c.h; path = "MCStudent+Test2.h"; sourceTree = "<group>"; };
		E8BD13002477D604006D7F9B /* MCStudent+Test2.m */ = {isa = PBXFileReference; lastKnownFileType = sourcecode.c.objc; path = "MCStudent+Test2.m"; sourceTree = "<group>"; };
		E8BD13022477D640006D7F9B /* MCDog.h */ = {isa = PBXFileReference; lastKnownFileType = sourcecode.c.h; path = MCDog.h; sourceTree = "<group>"; };
		E8BD13032477D640006D7F9B /* MCDog.m */ = {isa = PBXFileReference; lastKnownFileType = sourcecode.c.objc; path = MCDog.m; sourceTree = "<group>"; };
		E8BD13052477D654006D7F9B /* MCCat.h */ = {isa = PBXFileReference; lastKnownFileType = sourcecode.c.h; path = MCCat.h; sourceTree = "<group>"; };
		E8BD13062477D654006D7F9B /* MCCat.m */ = {isa = PBXFileReference; lastKnownFileType = sourcecode.c.objc; path = MCCat.m; sourceTree = "<group>"; };
/* End PBXFileReference section */

/* Begin PBXFrameworksBuildPhase section */
		E8BD12E32477BD29006D7F9B /* Frameworks */ = {
			isa = PBXFrameworksBuildPhase;
			buildActionMask = 2147483647;
			files = (
			);
			runOnlyForDeploymentPostprocessing = 0;
		};
/* End PBXFrameworksBuildPhase section */

/* Begin PBXGroup section */
		E8BD12DD2477BD29006D7F9B = {
			isa = PBXGroup;
			children = (
				E8BD12E82477BD29006D7F9B /* Interview02-Category中+load底层实现 */,
				E8BD12E72477BD29006D7F9B /* Products */,
			);
			sourceTree = "<group>";
		};
		E8BD12E72477BD29006D7F9B /* Products */ = {
			isa = PBXGroup;
			children = (
				E8BD12E62477BD29006D7F9B /* Interview02-Category中+load底层实现 */,
			);
			name = Products;
			sourceTree = "<group>";
		};
		E8BD12E82477BD29006D7F9B /* Interview02-Category中+load底层实现 */ = {
			isa = PBXGroup;
			children = (
				E8BD12E92477BD29006D7F9B /* main.m */,
				E8BD12F02477BE3A006D7F9B /* MCPerson.h */,
				E8BD12F12477BE3A006D7F9B /* MCPerson.m */,
				E8BD12F32477CAFF006D7F9B /* MCPerson+Test1.h */,
				E8BD12F42477CAFF006D7F9B /* MCPerson+Test1.m */,
				E8BD12F62477CB31006D7F9B /* MCPerson+Test2.h */,
				E8BD12F72477CB31006D7F9B /* MCPerson+Test2.m */,
				E8BD12F92477D5CD006D7F9B /* MCStudent.h */,
				E8BD12FA2477D5CD006D7F9B /* MCStudent.m */,
				E8BD12FC2477D5F3006D7F9B /* MCStudent+Test1.h */,
				E8BD12FD2477D5F3006D7F9B /* MCStudent+Test1.m */,
				E8BD12FF2477D604006D7F9B /* MCStudent+Test2.h */,
				E8BD13002477D604006D7F9B /* MCStudent+Test2.m */,
				E8BD13022477D640006D7F9B /* MCDog.h */,
				E8BD13032477D640006D7F9B /* MCDog.m */,
				E8BD13052477D654006D7F9B /* MCCat.h */,
				E8BD13062477D654006D7F9B /* MCCat.m */,
			);
			path = "Interview02-Category中+load底层实现";
			sourceTree = "<group>";
		};
/* End PBXGroup section */

/* Begin PBXNativeTarget section */
		E8BD12E52477BD29006D7F9B /* Interview02-Category中+load底层实现 */ = {
			isa = PBXNativeTarget;
			buildConfigurationList = E8BD12ED2477BD29006D7F9B /* Build configuration list for PBXNativeTarget "Interview02-Category中+load底层实现" */;
			buildPhases = (
				E8BD12E22477BD29006D7F9B /* Sources */,
				E8BD12E32477BD29006D7F9B /* Frameworks */,
				E8BD12E42477BD29006D7F9B /* CopyFiles */,
			);
			buildRules = (
			);
			dependencies = (
			);
			name = "Interview02-Category中+load底层实现";
			productName = "Interview02-Category中+load底层实现";
			productReference = E8BD12E62477BD29006D7F9B /* Interview02-Category中+load底层实现 */;
			productType = "com.apple.product-type.tool";
		};
/* End PBXNativeTarget section */

/* Begin PBXProject section */
		E8BD12DE2477BD29006D7F9B /* Project object */ = {
			isa = PBXProject;
			attributes = {
				LastUpgradeCheck = 1120;
				ORGANIZATIONNAME = "rz-technology";
				TargetAttributes = {
					E8BD12E52477BD29006D7F9B = {
						CreatedOnToolsVersion = 11.2.1;
					};
				};
			};
			buildConfigurationList = E8BD12E12477BD29006D7F9B /* Build configuration list for PBXProject "Interview02-Category中+load底层实现" */;
			compatibilityVersion = "Xcode 9.3";
			developmentRegion = en;
			hasScannedForEncodings = 0;
			knownRegions = (
				en,
				Base,
			);
			mainGroup = E8BD12DD2477BD29006D7F9B;
			productRefGroup = E8BD12E72477BD29006D7F9B /* Products */;
			projectDirPath = "";
			projectRoot = "";
			targets = (
				E8BD12E52477BD29006D7F9B /* Interview02-Category中+load底层实现 */,
			);
		};
/* End PBXProject section */

/* Begin PBXSourcesBuildPhase section */
		E8BD12E22477BD29006D7F9B /* Sources */ = {
			isa = PBXSourcesBuildPhase;
			buildActionMask = 2147483647;
			files = (
				E8BD13042477D640006D7F9B /* MCDog.m in Sources */,
				E8BD12FE2477D5F3006D7F9B /* MCStudent+Test1.m in Sources */,
				E8BD12FB2477D5CD006D7F9B /* MCStudent.m in Sources */,
				E8BD12F22477BE3A006D7F9B /* MCPerson.m in Sources */,
				E8BD13072477D654006D7F9B /* MCCat.m in Sources */,
				E8BD13012477D604006D7F9B /* MCStudent+Test2.m in Sources */,
				E8BD12F82477CB31006D7F9B /* MCPerson+Test2.m in Sources */,
				E8BD12F52477CAFF006D7F9B /* MCPerson+Test1.m in Sources */,
				E8BD12EA2477BD29006D7F9B /* main.m in Sources */,
			);
			runOnlyForDeploymentPostprocessing = 0;
		};
/* End PBXSourcesBuildPhase section */

/* Begin XCBuildConfiguration section */
		E8BD12EB2477BD29006D7F9B /* Debug */ = {
			isa = XCBuildConfiguration;
			buildSettings = {
				ALWAYS_SEARCH_USER_PATHS = NO;
				CLANG_ANALYZER_NONNULL = YES;
				CLANG_ANALYZER_NUMBER_OBJECT_CONVERSION = YES_AGGRESSIVE;
				CLANG_CXX_LANGUAGE_STANDARD = "gnu++14";
				CLANG_CXX_LIBRARY = "libc++";
				CLANG_ENABLE_MODULES = YES;
				CLANG_ENABLE_OBJC_ARC = YES;
				CLANG_ENABLE_OBJC_WEAK = YES;
				CLANG_WARN_BLOCK_CAPTURE_AUTORELEASING = YES;
				CLANG_WARN_BOOL_CONVERSION = YES;
				CLANG_WARN_COMMA = YES;
				CLANG_WARN_CONSTANT_CONVERSION = YES;
				CLANG_WARN_DEPRECATED_OBJC_IMPLEMENTATIONS = YES;
				CLANG_WARN_DIRECT_OBJC_ISA_USAGE = YES_ERROR;
				CLANG_WARN_DOCUMENTATION_COMMENTS = YES;
				CLANG_WARN_EMPTY_BODY = YES;
				CLANG_WARN_ENUM_CONVERSION = YES;
				CLANG_WARN_INFINITE_RECURSION = YES;
				CLANG_WARN_INT_CONVERSION = YES;
				CLANG_WARN_NON_LITERAL_NULL_CONVERSION = YES;
				CLANG_WARN_OBJC_IMPLICIT_RETAIN_SELF = YES;
				CLANG_WARN_OBJC_LITERAL_CONVERSION = YES;
				CLANG_WARN_OBJC_ROOT_CLASS = YES_ERROR;
				CLANG_WARN_RANGE_LOOP_ANALYSIS = YES;
				CLANG_WARN_STRICT_PROTOTYPES = YES;
				CLANG_WARN_SUSPICIOUS_MOVE = YES;
				CLANG_WARN_UNGUARDED_AVAILABILITY = YES_AGGRESSIVE;
				CLANG_WARN_UNREACHABLE_CODE = YES;
				CLANG_WARN__DUPLICATE_METHOD_MATCH = YES;
				COPY_PHASE_STRIP = NO;
				DEBUG_INFORMATION_FORMAT = dwarf;
				ENABLE_STRICT_OBJC_MSGSEND = YES;
				ENABLE_TESTABILITY = YES;
				GCC_C_LANGUAGE_STANDARD = gnu11;
				GCC_DYNAMIC_NO_PIC = NO;
				GCC_NO_COMMON_BLOCKS = YES;
				GCC_OPTIMIZATION_LEVEL = 0;
				GCC_PREPROCESSOR_DEFINITIONS = (
					"DEBUG=1",
					"$(inherited)",
				);
				GCC_WARN_64_TO_32_BIT_CONVERSION = YES;
				GCC_WARN_ABOUT_RETURN_TYPE = YES_ERROR;
				GCC_WARN_UNDECLARED_SELECTOR = YES;
				GCC_WARN_UNINITIALIZED_AUTOS = YES_AGGRESSIVE;
				GCC_WARN_UNUSED_FUNCTION = YES;
				GCC_WARN_UNUSED_VARIABLE = YES;
				MACOSX_DEPLOYMENT_TARGET = 10.15;
				MTL_ENABLE_DEBUG_INFO = INCLUDE_SOURCE;
				MTL_FAST_MATH = YES;
				ONLY_ACTIVE_ARCH = YES;
				SDKROOT = macosx;
			};
			name = Debug;
		};
		E8BD12EC2477BD29006D7F9B /* Release */ = {
			isa = XCBuildConfiguration;
			buildSettings = {
				ALWAYS_SEARCH_USER_PATHS = NO;
				CLANG_ANALYZER_NONNULL = YES;
				CLANG_ANALYZER_NUMBER_OBJECT_CONVERSION = YES_AGGRESSIVE;
				CLANG_CXX_LANGUAGE_STANDARD = "gnu++14";
				CLANG_CXX_LIBRARY = "libc++";
				CLANG_ENABLE_MODULES = YES;
				CLANG_ENABLE_OBJC_ARC = YES;
				CLANG_ENABLE_OBJC_WEAK = YES;
				CLANG_WARN_BLOCK_CAPTURE_AUTORELEASING = YES;
				CLANG_WARN_BOOL_CONVERSION = YES;
				CLANG_WARN_COMMA = YES;
				CLANG_WARN_CONSTANT_CONVERSION = YES;
				CLANG_WARN_DEPRECATED_OBJC_IMPLEMENTATIONS = YES;
				CLANG_WARN_DIRECT_OBJC_ISA_USAGE = YES_ERROR;
				CLANG_WARN_DOCUMENTATION_COMMENTS = YES;
				CLANG_WARN_EMPTY_BODY = YES;
				CLANG_WARN_ENUM_CONVERSION = YES;
				CLANG_WARN_INFINITE_RECURSION = YES;
				CLANG_WARN_INT_CONVERSION = YES;
				CLANG_WARN_NON_LITERAL_NULL_CONVERSION = YES;
				CLANG_WARN_OBJC_IMPLICIT_RETAIN_SELF = YES;
				CLANG_WARN_OBJC_LITERAL_CONVERSION = YES;
				CLANG_WARN_OBJC_ROOT_CLASS = YES_ERROR;
				CLANG_WARN_RANGE_LOOP_ANALYSIS = YES;
				CLANG_WARN_STRICT_PROTOTYPES = YES;
				CLANG_WARN_SUSPICIOUS_MOVE = YES;
				CLANG_WARN_UNGUARDED_AVAILABILITY = YES_AGGRESSIVE;
				CLANG_WARN_UNREACHABLE_CODE = YES;
				CLANG_WARN__DUPLICATE_METHOD_MATCH = YES;
				COPY_PHASE_STRIP = NO;
				DEBUG_INFORMATION_FORMAT = "dwarf-with-dsym";
				ENABLE_NS_ASSERTIONS = NO;
				ENABLE_STRICT_OBJC_MSGSEND = YES;
				GCC_C_LANGUAGE_STANDARD = gnu11;
				GCC_NO_COMMON_BLOCKS = YES;
				GCC_WARN_64_TO_32_BIT_CONVERSION = YES;
				GCC_WARN_ABOUT_RETURN_TYPE = YES_ERROR;
				GCC_WARN_UNDECLARED_SELECTOR = YES;
				GCC_WARN_UNINITIALIZED_AUTOS = YES_AGGRESSIVE;
				GCC_WARN_UNUSED_FUNCTION = YES;
				GCC_WARN_UNUSED_VARIABLE = YES;
				MACOSX_DEPLOYMENT_TARGET = 10.15;
				MTL_ENABLE_DEBUG_INFO = NO;
				MTL_FAST_MATH = YES;
				SDKROOT = macosx;
			};
			name = Release;
		};
		E8BD12EE2477BD29006D7F9B /* Debug */ = {
			isa = XCBuildConfiguration;
			buildSettings = {
				CODE_SIGN_STYLE = Automatic;
				PRODUCT_NAME = "$(TARGET_NAME)";
			};
			name = Debug;
		};
		E8BD12EF2477BD29006D7F9B /* Release */ = {
			isa = XCBuildConfiguration;
			buildSettings = {
				CODE_SIGN_STYLE = Automatic;
				PRODUCT_NAME = "$(TARGET_NAME)";
			};
			name = Release;
		};
/* End XCBuildConfiguration section */

/* Begin XCConfigurationList section */
		E8BD12E12477BD29006D7F9B /* Build configuration list for PBXProject "Interview02-Category中+load底层实现" */ = {
			isa = XCConfigurationList;
			buildConfigurations = (
				E8BD12EB2477BD29006D7F9B /* Debug */,
				E8BD12EC2477BD29006D7F9B /* Release */,
			);
			defaultConfigurationIsVisible = 0;
			defaultConfigurationName = Release;
		};
		E8BD12ED2477BD29006D7F9B /* Build configuration list for PBXNativeTarget "Interview02-Category中+load底层实现" */ = {
			isa = XCConfigurationList;
			buildConfigurations = (
				E8BD12EE2477BD29006D7F9B /* Debug */,
				E8BD12EF2477BD29006D7F9B /* Release */,
			);
			defaultConfigurationIsVisible = 0;
			defaultConfigurationName = Release;
		};
/* End XCConfigurationList section */
	};
	rootObject = E8BD12DE2477BD29006D7F9B /* Project object */;
}
